<?xml version="1.0" encoding="UTF-8"?>
<CodeBlocks_project_file>
	<FileVersion major="1" minor="6"/>
	<Project>
		<Option title="AFS"/>
		<Option makefile_is_custom="1"/>
		<Option compiler="gcc"/>
		<Option virtualFolders="CMake Files\;"/>
		<Build>
			<Target title="all">
				<Option working_dir="/home/timemachine/Desktop/AFS/build-src-Desktop_Qt_5_8_0_GCC_64bit_for_AFS-Default"/>
				<Option type="4"/>
				<MakeCommands>
					<Build command="/usr/bin/make -j8 -f &quot;/home/timemachine/Desktop/AFS/build-src-Desktop_Qt_5_8_0_GCC_64bit_for_AFS-Default/Makefile&quot;  VERBOSE=1 all"/>
					<CompileFile command="/usr/bin/make -j8 -f &quot;/home/timemachine/Desktop/AFS/build-src-Desktop_Qt_5_8_0_GCC_64bit_for_AFS-Default/Makefile&quot;  VERBOSE=1 &quot;$file&quot;"/>
					<Clean command="/usr/bin/make -j8 -f &quot;/home/timemachine/Desktop/AFS/build-src-Desktop_Qt_5_8_0_GCC_64bit_for_AFS-Default/Makefile&quot;  VERBOSE=1 clean"/>
					<DistClean command="/usr/bin/make -j8 -f &quot;/home/timemachine/Desktop/AFS/build-src-Desktop_Qt_5_8_0_GCC_64bit_for_AFS-Default/Makefile&quot;  VERBOSE=1 clean"/>
				</MakeCommands>
			</Target>
			<Target title="rebuild_cache">
				<Option working_dir="/home/timemachine/Desktop/AFS/build-src-Desktop_Qt_5_8_0_GCC_64bit_for_AFS-Default"/>
				<Option type="4"/>
				<MakeCommands>
					<Build command="/usr/bin/make -j8 -f &quot;/home/timemachine/Desktop/AFS/build-src-Desktop_Qt_5_8_0_GCC_64bit_for_AFS-Default/Makefile&quot;  VERBOSE=1 rebuild_cache"/>
					<CompileFile command="/usr/bin/make -j8 -f &quot;/home/timemachine/Desktop/AFS/build-src-Desktop_Qt_5_8_0_GCC_64bit_for_AFS-Default/Makefile&quot;  VERBOSE=1 &quot;$file&quot;"/>
					<Clean command="/usr/bin/make -j8 -f &quot;/home/timemachine/Desktop/AFS/build-src-Desktop_Qt_5_8_0_GCC_64bit_for_AFS-Default/Makefile&quot;  VERBOSE=1 clean"/>
					<DistClean command="/usr/bin/make -j8 -f &quot;/home/timemachine/Desktop/AFS/build-src-Desktop_Qt_5_8_0_GCC_64bit_for_AFS-Default/Makefile&quot;  VERBOSE=1 clean"/>
				</MakeCommands>
			</Target>
			<Target title="edit_cache">
				<Option working_dir="/home/timemachine/Desktop/AFS/build-src-Desktop_Qt_5_8_0_GCC_64bit_for_AFS-Default"/>
				<Option type="4"/>
				<MakeCommands>
					<Build command="/usr/bin/make -j8 -f &quot;/home/timemachine/Desktop/AFS/build-src-Desktop_Qt_5_8_0_GCC_64bit_for_AFS-Default/Makefile&quot;  VERBOSE=1 edit_cache"/>
					<CompileFile command="/usr/bin/make -j8 -f &quot;/home/timemachine/Desktop/AFS/build-src-Desktop_Qt_5_8_0_GCC_64bit_for_AFS-Default/Makefile&quot;  VERBOSE=1 &quot;$file&quot;"/>
					<Clean command="/usr/bin/make -j8 -f &quot;/home/timemachine/Desktop/AFS/build-src-Desktop_Qt_5_8_0_GCC_64bit_for_AFS-Default/Makefile&quot;  VERBOSE=1 clean"/>
					<DistClean command="/usr/bin/make -j8 -f &quot;/home/timemachine/Desktop/AFS/build-src-Desktop_Qt_5_8_0_GCC_64bit_for_AFS-Default/Makefile&quot;  VERBOSE=1 clean"/>
				</MakeCommands>
			</Target>
			<Target title="AFS">
				<Option output="/home/timemachine/Desktop/AFS/build-src-Desktop_Qt_5_8_0_GCC_64bit_for_AFS-Default/AFS" prefix_auto="0" extension_auto="0"/>
				<Option working_dir="/home/timemachine/Desktop/AFS/build-src-Desktop_Qt_5_8_0_GCC_64bit_for_AFS-Default"/>
				<Option object_output="./"/>
				<Option type="1"/>
				<Option compiler="gcc"/>
				<Compiler>
					<Add directory="/home/timemachine/Desktop/AFS/src"/>
					<Add directory="/usr/local/include"/>
					<Add directory="/home/timemachine/Desktop/AFS/src/components"/>
					<Add directory="/home/timemachine/Desktop/AFS/src/filesystem/message_and_setting"/>
					<Add directory="/home/timemachine/Desktop/AFS/src/filesystem/servers"/>
					<Add directory="/home/timemachine/Desktop/AFS/src/tests"/>
					<Add directory="/home/timemachine/Desktop/AFS/src/filesystem"/>
					<Add directory="/home/timemachine/Desktop/AFS/src/LightDS/include"/>
					<Add directory="/home/timemachine/Desktop/AFS/src/JsonCPP/json"/>
					<Add directory="/usr/include/c++/5"/>
					<Add directory="/usr/include/x86_64-linux-gnu/c++/5"/>
					<Add directory="/usr/include/c++/5/backward"/>
					<Add directory="/usr/lib/gcc/x86_64-linux-gnu/5/include"/>
					<Add directory="/usr/lib/gcc/x86_64-linux-gnu/5/include-fixed"/>
					<Add directory="/usr/include/x86_64-linux-gnu"/>
					<Add directory="/usr/include"/>
				</Compiler>
				<MakeCommands>
					<Build command="/usr/bin/make -j8 -f &quot;/home/timemachine/Desktop/AFS/build-src-Desktop_Qt_5_8_0_GCC_64bit_for_AFS-Default/Makefile&quot;  VERBOSE=1 AFS"/>
					<CompileFile command="/usr/bin/make -j8 -f &quot;/home/timemachine/Desktop/AFS/build-src-Desktop_Qt_5_8_0_GCC_64bit_for_AFS-Default/Makefile&quot;  VERBOSE=1 &quot;$file&quot;"/>
					<Clean command="/usr/bin/make -j8 -f &quot;/home/timemachine/Desktop/AFS/build-src-Desktop_Qt_5_8_0_GCC_64bit_for_AFS-Default/Makefile&quot;  VERBOSE=1 clean"/>
					<DistClean command="/usr/bin/make -j8 -f &quot;/home/timemachine/Desktop/AFS/build-src-Desktop_Qt_5_8_0_GCC_64bit_for_AFS-Default/Makefile&quot;  VERBOSE=1 clean"/>
				</MakeCommands>
			</Target>
			<Target title="AFS/fast">
				<Option output="/home/timemachine/Desktop/AFS/build-src-Desktop_Qt_5_8_0_GCC_64bit_for_AFS-Default/AFS" prefix_auto="0" extension_auto="0"/>
				<Option working_dir="/home/timemachine/Desktop/AFS/build-src-Desktop_Qt_5_8_0_GCC_64bit_for_AFS-Default"/>
				<Option object_output="./"/>
				<Option type="1"/>
				<Option compiler="gcc"/>
				<Compiler>
					<Add directory="/home/timemachine/Desktop/AFS/src"/>
					<Add directory="/usr/local/include"/>
					<Add directory="/home/timemachine/Desktop/AFS/src/components"/>
					<Add directory="/home/timemachine/Desktop/AFS/src/filesystem/message_and_setting"/>
					<Add directory="/home/timemachine/Desktop/AFS/src/filesystem/servers"/>
					<Add directory="/home/timemachine/Desktop/AFS/src/tests"/>
					<Add directory="/home/timemachine/Desktop/AFS/src/filesystem"/>
					<Add directory="/home/timemachine/Desktop/AFS/src/LightDS/include"/>
					<Add directory="/home/timemachine/Desktop/AFS/src/JsonCPP/json"/>
					<Add directory="/usr/include/c++/5"/>
					<Add directory="/usr/include/x86_64-linux-gnu/c++/5"/>
					<Add directory="/usr/include/c++/5/backward"/>
					<Add directory="/usr/lib/gcc/x86_64-linux-gnu/5/include"/>
					<Add directory="/usr/lib/gcc/x86_64-linux-gnu/5/include-fixed"/>
					<Add directory="/usr/include/x86_64-linux-gnu"/>
					<Add directory="/usr/include"/>
				</Compiler>
				<MakeCommands>
					<Build command="/usr/bin/make -j8 -f &quot;/home/timemachine/Desktop/AFS/build-src-Desktop_Qt_5_8_0_GCC_64bit_for_AFS-Default/Makefile&quot;  VERBOSE=1 AFS/fast"/>
					<CompileFile command="/usr/bin/make -j8 -f &quot;/home/timemachine/Desktop/AFS/build-src-Desktop_Qt_5_8_0_GCC_64bit_for_AFS-Default/Makefile&quot;  VERBOSE=1 &quot;$file&quot;"/>
					<Clean command="/usr/bin/make -j8 -f &quot;/home/timemachine/Desktop/AFS/build-src-Desktop_Qt_5_8_0_GCC_64bit_for_AFS-Default/Makefile&quot;  VERBOSE=1 clean"/>
					<DistClean command="/usr/bin/make -j8 -f &quot;/home/timemachine/Desktop/AFS/build-src-Desktop_Qt_5_8_0_GCC_64bit_for_AFS-Default/Makefile&quot;  VERBOSE=1 clean"/>
				</MakeCommands>
			</Target>
		</Build>
		<Unit filename="/home/timemachine/Desktop/AFS/src/JsonCPP/jsoncpp.cpp">
			<Option target="AFS"/>
		</Unit>
		<Unit filename="/home/timemachine/Desktop/AFS/src/LightDS/include/log.hpp">
			<Option target="AFS"/>
		</Unit>
		<Unit filename="/home/timemachine/Desktop/AFS/src/LightDS/include/netclient.hpp">
			<Option target="AFS"/>
		</Unit>
		<Unit filename="/home/timemachine/Desktop/AFS/src/LightDS/include/netmsg.hpp">
			<Option target="AFS"/>
		</Unit>
		<Unit filename="/home/timemachine/Desktop/AFS/src/LightDS/include/netserver.hpp">
			<Option target="AFS"/>
		</Unit>
		<Unit filename="/home/timemachine/Desktop/AFS/src/LightDS/include/pool.hpp">
			<Option target="AFS"/>
		</Unit>
		<Unit filename="/home/timemachine/Desktop/AFS/src/LightDS/include/rpc.hpp">
			<Option target="AFS"/>
		</Unit>
		<Unit filename="/home/timemachine/Desktop/AFS/src/LightDS/include/service.hpp">
			<Option target="AFS"/>
		</Unit>
		<Unit filename="/home/timemachine/Desktop/AFS/src/components/error.hpp">
			<Option target="AFS"/>
		</Unit>
		<Unit filename="/home/timemachine/Desktop/AFS/src/components/extrie.hpp">
			<Option target="AFS"/>
		</Unit>
		<Unit filename="/home/timemachine/Desktop/AFS/src/components/message.hpp">
			<Option target="AFS"/>
		</Unit>
		<Unit filename="/home/timemachine/Desktop/AFS/src/components/sugar.hpp">
			<Option target="AFS"/>
		</Unit>
		<Unit filename="/home/timemachine/Desktop/AFS/src/filesystem/chunk.cpp">
			<Option target="AFS"/>
		</Unit>
		<Unit filename="/home/timemachine/Desktop/AFS/src/filesystem/chunk.h">
			<Option target="AFS"/>
		</Unit>
		<Unit filename="/home/timemachine/Desktop/AFS/src/filesystem/chunkserver.cpp">
			<Option target="AFS"/>
		</Unit>
		<Unit filename="/home/timemachine/Desktop/AFS/src/filesystem/chunkserver.h">
			<Option target="AFS"/>
		</Unit>
		<Unit filename="/home/timemachine/Desktop/AFS/src/filesystem/client.cpp">
			<Option target="AFS"/>
		</Unit>
		<Unit filename="/home/timemachine/Desktop/AFS/src/filesystem/client.h">
			<Option target="AFS"/>
		</Unit>
		<Unit filename="/home/timemachine/Desktop/AFS/src/filesystem/common.h">
			<Option target="AFS"/>
		</Unit>
		<Unit filename="/home/timemachine/Desktop/AFS/src/filesystem/master.cpp">
			<Option target="AFS"/>
		</Unit>
		<Unit filename="/home/timemachine/Desktop/AFS/src/filesystem/master.h">
			<Option target="AFS"/>
		</Unit>
		<Unit filename="/home/timemachine/Desktop/AFS/src/filesystem/message_and_setting/data.cpp">
			<Option target="AFS"/>
		</Unit>
		<Unit filename="/home/timemachine/Desktop/AFS/src/filesystem/message_and_setting/data.h">
			<Option target="AFS"/>
		</Unit>
		<Unit filename="/home/timemachine/Desktop/AFS/src/filesystem/message_and_setting/log.cpp">
			<Option target="AFS"/>
		</Unit>
		<Unit filename="/home/timemachine/Desktop/AFS/src/filesystem/message_and_setting/log.h">
			<Option target="AFS"/>
		</Unit>
		<Unit filename="/home/timemachine/Desktop/AFS/src/filesystem/message_and_setting/rpc_structs.h">
			<Option target="AFS"/>
		</Unit>
		<Unit filename="/home/timemachine/Desktop/AFS/src/filesystem/message_and_setting/setting.h">
			<Option target="AFS"/>
		</Unit>
		<Unit filename="/home/timemachine/Desktop/AFS/src/filesystem/server.h">
			<Option target="AFS"/>
		</Unit>
		<Unit filename="/home/timemachine/Desktop/AFS/src/main.cpp">
			<Option target="AFS"/>
		</Unit>
		<Unit filename="/home/timemachine/Desktop/AFS/src/tests/LightDSTest/servera.cpp">
			<Option target="AFS"/>
		</Unit>
		<Unit filename="/home/timemachine/Desktop/AFS/src/tests/LightDSTest/servera.h">
			<Option target="AFS"/>
		</Unit>
		<Unit filename="/home/timemachine/Desktop/AFS/src/tests/LightDSTest/serverb.cpp">
			<Option target="AFS"/>
		</Unit>
		<Unit filename="/home/timemachine/Desktop/AFS/src/tests/LightDSTest/serverb.h">
			<Option target="AFS"/>
		</Unit>
		<Unit filename="/home/timemachine/Desktop/AFS/src/tests/extrie_test.hpp">
			<Option target="AFS"/>
		</Unit>
		<Unit filename="/home/timemachine/Desktop/AFS/src/tests/log_test.hpp">
			<Option target="AFS"/>
		</Unit>
		<Unit filename="/home/timemachine/Desktop/AFS/src/CMakeLists.txt">
			<Option virtualFolder="CMake Files\"/>
		</Unit>
	</Project>
</CodeBlocks_project_file>
